
Microsoft Visual Studio Solution File, Format Version 12.00
# Visual Studio Version 17
VisualStudioVersion = 17.5.33424.131
MinimumVisualStudioVersion = 10.0.40219.1
Project("{FAE04EC0-301F-11D3-BF4B-00C04F79EFBC}") = "RunGroopWebApp", "RunGroopWebApp\RunGroopWebApp.csproj", "{81AB310E-189A-4822-9F5E-2484E492016E}"
EndProject
Global
	GlobalSection(SolutionConfigurationPlatforms) = preSolution
		Debug|Any CPU = Debug|Any CPU
		Release|Any CPU = Release|Any CPU
	EndGlobalSection
	GlobalSection(ProjectConfigurationPlatforms) = postSolution
		{81AB310E-189A-4822-9F5E-2484E492016E}.Debug|Any CPU.ActiveCfg = Debug|Any CPU
		{81AB310E-189A-4822-9F5E-2484E492016E}.Debug|Any CPU.Build.0 = Debug|Any CPU
		{81AB310E-189A-4822-9F5E-2484E492016E}.Release|Any CPU.ActiveCfg = Release|Any CPU
		{81AB310E-189A-4822-9F5E-2484E492016E}.Release|Any CPU.Build.0 = Release|Any CPU
	EndGlobalSection
	GlobalSection(SolutionProperties) = preSolution
		HideSolutionNode = FALSE
	EndGlobalSection
	GlobalSection(ExtensibilityGlobals) = postSolution
		SolutionGuid = {2A8652AA-B5D9-4C46-8E0E-5F466B9B726E}
	EndGlobalSection
EndGlobal
